
Microsoft Visual Studio Solution File, Format Version 12.00
# Visual Studio Version 16
VisualStudioVersion = 16.0.30804.86
MinimumVisualStudioVersion = 10.0.40219.1
Project("{FAE04EC0-301F-11D3-BF4B-00C04F79EFBC}") = "PixelSwapper.Domain", "PixelSwapper.Domain\PixelSwapper.Domain.csproj", "{CCB4C1A5-C9A2-414B-87E0-37A4EE4D9CDE}"
EndProject
Project("{FAE04EC0-301F-11D3-BF4B-00C04F79EFBC}") = "PixelSwapper.App", "PixelSwapper.App\PixelSwapper.App.csproj", "{09A3A909-7E1A-413C-AF29-1684334B326D}"
EndProject
Global
	GlobalSection(SolutionConfigurationPlatforms) = preSolution
		Debug|Any CPU = Debug|Any CPU
		Release|Any CPU = Release|Any CPU
	EndGlobalSection
	GlobalSection(ProjectConfigurationPlatforms) = postSolution
		{CCB4C1A5-C9A2-414B-87E0-37A4EE4D9CDE}.Debug|Any CPU.ActiveCfg = Debug|Any CPU
		{CCB4C1A5-C9A2-414B-87E0-37A4EE4D9CDE}.Debug|Any CPU.Build.0 = Debug|Any CPU
		{CCB4C1A5-C9A2-414B-87E0-37A4EE4D9CDE}.Release|Any CPU.ActiveCfg = Release|Any CPU
		{CCB4C1A5-C9A2-414B-87E0-37A4EE4D9CDE}.Release|Any CPU.Build.0 = Release|Any CPU
		{09A3A909-7E1A-413C-AF29-1684334B326D}.Debug|Any CPU.ActiveCfg = Debug|Any CPU
		{09A3A909-7E1A-413C-AF29-1684334B326D}.Debug|Any CPU.Build.0 = Debug|Any CPU
		{09A3A909-7E1A-413C-AF29-1684334B326D}.Release|Any CPU.ActiveCfg = Release|Any CPU
		{09A3A909-7E1A-413C-AF29-1684334B326D}.Release|Any CPU.Build.0 = Release|Any CPU
	EndGlobalSection
	GlobalSection(SolutionProperties) = preSolution
		HideSolutionNode = FALSE
	EndGlobalSection
	GlobalSection(ExtensibilityGlobals) = postSolution
		SolutionGuid = {46209A95-552A-47D1-9E72-82A5E5FAF823}
	EndGlobalSection
EndGlobal
